# This file is generated by running "yarn install" inside your project.
# Manual changes might be lost - proceed with caution!

__metadata:
  version: 4
  cacheKey: 8

"@tsconfig/node16@npm:^1.0.2":
  version: 1.0.2
  resolution: "@tsconfig/node16@npm:1.0.2"
  checksum: ca94d3639714672bbfd55f03521d3f56bb6a25479bd425da81faf21f13e1e9d15f40f97377dedbbf477a5841c5b0c8f4cd1b391f33553d750b9202c54c2c07aa
  languageName: node
  linkType: hard

"@tsconfig/recommended@npm:^1.0.1":
  version: 1.0.1
  resolution: "@tsconfig/recommended@npm:1.0.1"
  checksum: 5f781e6a26277ee86dd0f1d575d18133627908ddf7c78acdcab0e40d0b7f21f4e1462eb8f98b74cda1d05d15fb3629ceea4c622ee031d62e31e7a99281c49294
  languageName: node
  linkType: hard

"expand-tilde@npm:^2.0.2":
  version: 2.0.2
  resolution: "expand-tilde@npm:2.0.2"
  dependencies:
    homedir-polyfill: ^1.0.1
  checksum: 2efe6ed407d229981b1b6ceb552438fbc9e5c7d6a6751ad6ced3e0aa5cf12f0b299da695e90d6c2ac79191b5c53c613e508f7149e4573abfbb540698ddb7301a
  languageName: node
  linkType: hard

"homedir-polyfill@npm:^1.0.1":
  version: 1.0.3
  resolution: "homedir-polyfill@npm:1.0.3"
  dependencies:
    parse-passwd: ^1.0.0
  checksum: 18dd4db87052c6a2179d1813adea0c4bfcfa4f9996f0e226fefb29eb3d548e564350fa28ec46b0bf1fbc0a1d2d6922ceceb80093115ea45ff8842a4990139250
  languageName: node
  linkType: hard

"parse-passwd@npm:^1.0.0":
  version: 1.0.0
  resolution: "parse-passwd@npm:1.0.0"
  checksum: 4e55e0231d58f828a41d0f1da2bf2ff7bcef8f4cb6146e69d16ce499190de58b06199e6bd9b17fbf0d4d8aef9052099cdf8c4f13a6294b1a522e8e958073066e
  languageName: node
  linkType: hard

"path-resolve@workspace:.":
  version: 0.0.0-use.local
  resolution: "path-resolve@workspace:."
  dependencies:
    "@tsconfig/node16": ^1.0.2
    "@tsconfig/recommended": ^1.0.1
    expand-tilde: ^2.0.2
    typescript: ^4.4.2
  languageName: unknown
  linkType: soft

typescript@^4.4.2:
  version: 4.4.2
  resolution: "typescript@npm:4.4.2"
  bin:
    tsc: bin/tsc
    tsserver: bin/tsserver
  checksum: 194e08e9d1971d667d6fd1a0554616b7022312a2319d70e81a64e502a265992061ee7817ed9a69b52bbabe7a9b85e7938cb8c11c433e40a516b277f8c4dacd51
  languageName: node
  linkType: hard

"typescript@patch:typescript@^4.4.2#~builtin<compat/typescript>":
  version: 4.4.2
  resolution: "typescript@patch:typescript@npm%3A4.4.2#~builtin<compat/typescript>::version=4.4.2&hash=d8b4e7"
  bin:
    tsc: bin/tsc
    tsserver: bin/tsserver
  checksum: 11d6ab6e868117908c388401e2ac06d503c5c8709115ab80ee69a1a6352c1f98471d1e595636bfe6a2d6b20b03a44df6bb2d3d198cea97c0c328968cd18d2b70
  languageName: node
  linkType: hard
