# THIS IS AN AUTOGENERATED FILE. DO NOT EDIT THIS FILE DIRECTLY.
# yarn lockfile v1


app-module-path@^1.0.3:
  version "1.1.0"
  resolved "https://registry.yarnpkg.com/app-module-path/-/app-module-path-1.1.0.tgz#a6ac5368450f209b9f5b86e9a3e4a6ab6fe7531c"

deep-extend@^0.4.0:
  version "0.4.2"
  resolved "https://registry.yarnpkg.com/deep-extend/-/deep-extend-0.4.2.tgz#48b699c27e334bf89f10892be432f6e4c7d34a7f"

event-chains@0.0.4:
  version "0.0.4"
  resolved "https://registry.yarnpkg.com/event-chains/-/event-chains-0.0.4.tgz#d36dd150c50b253a6cad272c76fc3ad85062fdd5"

require-all@^1.1.0:
  version "1.1.0"
  resolved "https://registry.yarnpkg.com/require-all/-/require-all-1.1.0.tgz#7d50b9c9bc4d9d79bdfcc4b33f0fa46b7718ed5e"

utils-deep-get@^1.0.0:
  version "1.0.0"
  resolved "https://registry.yarnpkg.com/utils-deep-get/-/utils-deep-get-1.0.0.tgz#48404a77fa26f84e696e485a6389c2becdf0a0c9"
  dependencies:
    validate.io-array "^1.0.6"
    validate.io-object "^1.0.4"
    validate.io-string-primitive "^1.0.0"

utils-deep-set@^1.0.1:
  version "1.0.1"
  resolved "https://registry.yarnpkg.com/utils-deep-set/-/utils-deep-set-1.0.1.tgz#666af93ccd1d221c3fcafdf2151a22ee0bcb06fe"
  dependencies:
    validate.io-array "^1.0.6"
    validate.io-boolean-primitive "^1.0.0"
    validate.io-object "^1.0.4"
    validate.io-string-primitive "^1.0.0"

validate.io-array@^1.0.1, validate.io-array@^1.0.6:
  version "1.0.6"
  resolved "https://registry.yarnpkg.com/validate.io-array/-/validate.io-array-1.0.6.tgz#5b5a2cafd8f8b85abb2f886ba153f2d93a27774d"

validate.io-boolean-primitive@^1.0.0:
  version "1.0.0"
  resolved "https://registry.yarnpkg.com/validate.io-boolean-primitive/-/validate.io-boolean-primitive-1.0.0.tgz#bb14c9cb8683c3c9f3d1329a95a7768e3ee29eb5"

validate.io-object@^1.0.4:
  version "1.0.4"
  resolved "https://registry.yarnpkg.com/validate.io-object/-/validate.io-object-1.0.4.tgz#dca01eceee390e110dbc2af843c81f7bf33a41ab"
  dependencies:
    validate.io-array "^1.0.1"

validate.io-string-primitive@^1.0.0:
  version "1.0.1"
  resolved "https://registry.yarnpkg.com/validate.io-string-primitive/-/validate.io-string-primitive-1.0.1.tgz#b8135b9fb1372bde02fdd53ad1d0ccd6de798fee"
